// !$*UTF8*$!
{
	archiveVersion = 1;
	classes = {
	};
	objectVersion = 55;
	objects = {

/* Begin PBXBuildFile section */
		8208DFD526C711C300954951 /* AccountManager.swift in Sources */ = {isa = PBXBuildFile; fileRef = 8208DFD426C711C300954951 /* AccountManager.swift */; };
		8208DFD626C711C300954951 /* AccountManager.swift in Sources */ = {isa = PBXBuildFile; fileRef = 8208DFD426C711C300954951 /* AccountManager.swift */; };
		8218686826FE5FD20036F5CF /* NetworkMonitor.swift in Sources */ = {isa = PBXBuildFile; fileRef = 8218686726FE5FD20036F5CF /* NetworkMonitor.swift */; };
		8218686926FE5FD20036F5CF /* NetworkMonitor.swift in Sources */ = {isa = PBXBuildFile; fileRef = 8218686726FE5FD20036F5CF /* NetworkMonitor.swift */; };
		8218686B26FE778B0036F5CF /* TitleView.swift in Sources */ = {isa = PBXBuildFile; fileRef = 8218686A26FE778B0036F5CF /* TitleView.swift */; };
		8218686C26FE778B0036F5CF /* TitleView.swift in Sources */ = {isa = PBXBuildFile; fileRef = 8218686A26FE778B0036F5CF /* TitleView.swift */; };
		821FD60C2721E6A600C39F6C /* ErrorHandlingModel.swift in Sources */ = {isa = PBXBuildFile; fileRef = 821FD60B2721E6A600C39F6C /* ErrorHandlingModel.swift */; };
		821FD60D2721E6A600C39F6C /* ErrorHandlingModel.swift in Sources */ = {isa = PBXBuildFile; fileRef = 821FD60B2721E6A600C39F6C /* ErrorHandlingModel.swift */; };
		822FDA0626BB1F16007ED421 /* Tests_iOS.swift in Sources */ = {isa = PBXBuildFile; fileRef = 822FDA0526BB1F16007ED421 /* Tests_iOS.swift */; };
		822FDA1026BB1F16007ED421 /* Tests_macOS.swift in Sources */ = {isa = PBXBuildFile; fileRef = 822FDA0F26BB1F16007ED421 /* Tests_macOS.swift */; };
		822FDA1126BB1F17007ED421 /* StrongKeyFIDODemo.swift in Sources */ = {isa = PBXBuildFile; fileRef = 822FD9EF26BB1F15007ED421 /* StrongKeyFIDODemo.swift */; };
		822FDA1226BB1F17007ED421 /* StrongKeyFIDODemo.swift in Sources */ = {isa = PBXBuildFile; fileRef = 822FD9EF26BB1F15007ED421 /* StrongKeyFIDODemo.swift */; };
		822FDA1326BB1F17007ED421 /* LoginRegisterScreen.swift in Sources */ = {isa = PBXBuildFile; fileRef = 822FD9F026BB1F15007ED421 /* LoginRegisterScreen.swift */; };
		822FDA1426BB1F17007ED421 /* LoginRegisterScreen.swift in Sources */ = {isa = PBXBuildFile; fileRef = 822FD9F026BB1F15007ED421 /* LoginRegisterScreen.swift */; };
		822FDA1526BB1F17007ED421 /* Assets.xcassets in Resources */ = {isa = PBXBuildFile; fileRef = 822FD9F126BB1F16007ED421 /* Assets.xcassets */; };
		822FDA1626BB1F17007ED421 /* Assets.xcassets in Resources */ = {isa = PBXBuildFile; fileRef = 822FD9F126BB1F16007ED421 /* Assets.xcassets */; };
		8270597526CD9BB9009B38AA /* StrongButton.swift in Sources */ = {isa = PBXBuildFile; fileRef = 8270597426CD9BB9009B38AA /* StrongButton.swift */; };
		8270597626CD9BB9009B38AA /* StrongButton.swift in Sources */ = {isa = PBXBuildFile; fileRef = 8270597426CD9BB9009B38AA /* StrongButton.swift */; };
		8278554026DD811E00F5A9DF /* Localizable.strings in Resources */ = {isa = PBXBuildFile; fileRef = 8278553E26DD811E00F5A9DF /* Localizable.strings */; };
		8278554126DD811E00F5A9DF /* Localizable.strings in Resources */ = {isa = PBXBuildFile; fileRef = 8278553E26DD811E00F5A9DF /* Localizable.strings */; };
		827A999526DFE1050059251C /* Utils.swift in Sources */ = {isa = PBXBuildFile; fileRef = 827A999426DFE1050059251C /* Utils.swift */; };
		827A999626DFE1060059251C /* Utils.swift in Sources */ = {isa = PBXBuildFile; fileRef = 827A999426DFE1050059251C /* Utils.swift */; };
		827A999826DFE8080059251C /* AddKeysPanel.swift in Sources */ = {isa = PBXBuildFile; fileRef = 827A999726DFE8080059251C /* AddKeysPanel.swift */; };
		827A999926DFE8080059251C /* AddKeysPanel.swift in Sources */ = {isa = PBXBuildFile; fileRef = 827A999726DFE8080059251C /* AddKeysPanel.swift */; };
		827E769B26BCC4DF00024B33 /* FidoService.swift in Sources */ = {isa = PBXBuildFile; fileRef = 827E769A26BCC4DF00024B33 /* FidoService.swift */; };
		829DFF8126CDA0E900F796AF /* KeyManagementScreen.swift in Sources */ = {isa = PBXBuildFile; fileRef = 829DFF8026CDA0E900F796AF /* KeyManagementScreen.swift */; };
		829DFF8226CDA0E900F796AF /* KeyManagementScreen.swift in Sources */ = {isa = PBXBuildFile; fileRef = 829DFF8026CDA0E900F796AF /* KeyManagementScreen.swift */; };
		82A121FE26CF244C00E81AAD /* FidoService.swift in Sources */ = {isa = PBXBuildFile; fileRef = 827E769A26BCC4DF00024B33 /* FidoService.swift */; };
		82A1220026CF753300E81AAD /* KeyDetailScreen.swift in Sources */ = {isa = PBXBuildFile; fileRef = 82A121FF26CF753300E81AAD /* KeyDetailScreen.swift */; };
		82A1220126CF753300E81AAD /* KeyDetailScreen.swift in Sources */ = {isa = PBXBuildFile; fileRef = 82A121FF26CF753300E81AAD /* KeyDetailScreen.swift */; };
		82B6D83226C43E4600F2365F /* APIEndpointManager.swift in Sources */ = {isa = PBXBuildFile; fileRef = 82B6D83126C43E4500F2365F /* APIEndpointManager.swift */; };
		82B6D83326C43E4600F2365F /* APIEndpointManager.swift in Sources */ = {isa = PBXBuildFile; fileRef = 82B6D83126C43E4500F2365F /* APIEndpointManager.swift */; };
		82BA2FAE271F7012007618D3 /* Settings.bundle in Resources */ = {isa = PBXBuildFile; fileRef = 82BA2FAD271F7012007618D3 /* Settings.bundle */; };
		82BA2FB0271F72D3007618D3 /* SettingsHelper.swift in Sources */ = {isa = PBXBuildFile; fileRef = 82BA2FAF271F72D3007618D3 /* SettingsHelper.swift */; };
		82D394F926CB2BC9005EF280 /* ResponseModel.swift in Sources */ = {isa = PBXBuildFile; fileRef = 82D394F826CB2BC9005EF280 /* ResponseModel.swift */; };
		82D394FA26CB2BC9005EF280 /* ResponseModel.swift in Sources */ = {isa = PBXBuildFile; fileRef = 82D394F826CB2BC9005EF280 /* ResponseModel.swift */; };
		82DF1E952703D1DC007A79AD /* NetworkStatusView.swift in Sources */ = {isa = PBXBuildFile; fileRef = 82DF1E942703D1DC007A79AD /* NetworkStatusView.swift */; };
		82DF1E962703D1DC007A79AD /* NetworkStatusView.swift in Sources */ = {isa = PBXBuildFile; fileRef = 82DF1E942703D1DC007A79AD /* NetworkStatusView.swift */; };
/* End PBXBuildFile section */

/* Begin PBXContainerItemProxy section */
		822FDA0226BB1F16007ED421 /* PBXContainerItemProxy */ = {
			isa = PBXContainerItemProxy;
			containerPortal = 822FD9EA26BB1F15007ED421 /* Project object */;
			proxyType = 1;
			remoteGlobalIDString = 822FD9F526BB1F16007ED421;
			remoteInfo = "Strong Key FIDO2 Demo iOS (iOS)";
		};
		822FDA0C26BB1F16007ED421 /* PBXContainerItemProxy */ = {
			isa = PBXContainerItemProxy;
			containerPortal = 822FD9EA26BB1F15007ED421 /* Project object */;
			proxyType = 1;
			remoteGlobalIDString = 822FD9FB26BB1F16007ED421;
			remoteInfo = "Strong Key FIDO2 Demo iOS (macOS)";
		};
/* End PBXContainerItemProxy section */

/* Begin PBXFileReference section */
		8208DFD026C70AAA00954951 /* StrongKeyFIDODemo(iOS).entitlements */ = {isa = PBXFileReference; lastKnownFileType = text.plist.entitlements; path = "StrongKeyFIDODemo(iOS).entitlements"; sourceTree = "<group>"; };
		8208DFD426C711C300954951 /* AccountManager.swift */ = {isa = PBXFileReference; lastKnownFileType = sourcecode.swift; path = AccountManager.swift; sourceTree = "<group>"; };
		8208DFD726C72B6E00954951 /* StrongKeyFIDODemo(macOS).entitlements */ = {isa = PBXFileReference; lastKnownFileType = text.plist.entitlements; path = "StrongKeyFIDODemo(macOS).entitlements"; sourceTree = "<group>"; };
		820D4DEA26E182FE00773E1F /* LICENSE.txt */ = {isa = PBXFileReference; lastKnownFileType = text; path = LICENSE.txt; sourceTree = "<group>"; };
		8218686726FE5FD20036F5CF /* NetworkMonitor.swift */ = {isa = PBXFileReference; lastKnownFileType = sourcecode.swift; path = NetworkMonitor.swift; sourceTree = "<group>"; };
		8218686A26FE778B0036F5CF /* TitleView.swift */ = {isa = PBXFileReference; lastKnownFileType = sourcecode.swift; path = TitleView.swift; sourceTree = "<group>"; };
		821FD60B2721E6A600C39F6C /* ErrorHandlingModel.swift */ = {isa = PBXFileReference; lastKnownFileType = sourcecode.swift; path = ErrorHandlingModel.swift; sourceTree = "<group>"; };
		822FD9EF26BB1F15007ED421 /* StrongKeyFIDODemo.swift */ = {isa = PBXFileReference; lastKnownFileType = sourcecode.swift; path = StrongKeyFIDODemo.swift; sourceTree = "<group>"; };
		822FD9F026BB1F15007ED421 /* LoginRegisterScreen.swift */ = {isa = PBXFileReference; lastKnownFileType = sourcecode.swift; path = LoginRegisterScreen.swift; sourceTree = "<group>"; };
		822FD9F126BB1F16007ED421 /* Assets.xcassets */ = {isa = PBXFileReference; lastKnownFileType = folder.assetcatalog; path = Assets.xcassets; sourceTree = "<group>"; };
		822FD9F626BB1F16007ED421 /* StrongKeyFIDODemo.app */ = {isa = PBXFileReference; explicitFileType = wrapper.application; includeInIndex = 0; path = StrongKeyFIDODemo.app; sourceTree = BUILT_PRODUCTS_DIR; };
		822FD9FC26BB1F16007ED421 /* StrongKeyFIDODemo.app */ = {isa = PBXFileReference; explicitFileType = wrapper.application; includeInIndex = 0; path = StrongKeyFIDODemo.app; sourceTree = BUILT_PRODUCTS_DIR; };
		822FDA0126BB1F16007ED421 /* Tests iOS.xctest */ = {isa = PBXFileReference; explicitFileType = wrapper.cfbundle; includeInIndex = 0; path = "Tests iOS.xctest"; sourceTree = BUILT_PRODUCTS_DIR; };
		822FDA0526BB1F16007ED421 /* Tests_iOS.swift */ = {isa = PBXFileReference; lastKnownFileType = sourcecode.swift; path = Tests_iOS.swift; sourceTree = "<group>"; };
		822FDA0B26BB1F16007ED421 /* Tests macOS.xctest */ = {isa = PBXFileReference; explicitFileType = wrapper.cfbundle; includeInIndex = 0; path = "Tests macOS.xctest"; sourceTree = BUILT_PRODUCTS_DIR; };
		822FDA0F26BB1F16007ED421 /* Tests_macOS.swift */ = {isa = PBXFileReference; lastKnownFileType = sourcecode.swift; path = Tests_macOS.swift; sourceTree = "<group>"; };
		8270597426CD9BB9009B38AA /* StrongButton.swift */ = {isa = PBXFileReference; lastKnownFileType = sourcecode.swift; path = StrongButton.swift; sourceTree = "<group>"; };
		8278554A26DDB6D900F5A9DF /* de */ = {isa = PBXFileReference; lastKnownFileType = text.plist.strings; name = de; path = de.lproj/Localizable.strings; sourceTree = "<group>"; };
		8278554B26DDB7AD00F5A9DF /* es */ = {isa = PBXFileReference; lastKnownFileType = text.plist.strings; name = es; path = es.lproj/Localizable.strings; sourceTree = "<group>"; };
		8278554C26DDB91100F5A9DF /* fr */ = {isa = PBXFileReference; lastKnownFileType = text.plist.strings; name = fr; path = fr.lproj/Localizable.strings; sourceTree = "<group>"; };
		8278554D26DDB9BC00F5A9DF /* it */ = {isa = PBXFileReference; lastKnownFileType = text.plist.strings; name = it; path = it.lproj/Localizable.strings; sourceTree = "<group>"; };
		8278554E26DDBA6B00F5A9DF /* ja */ = {isa = PBXFileReference; lastKnownFileType = text.plist.strings; name = ja; path = ja.lproj/Localizable.strings; sourceTree = "<group>"; };
		827A999426DFE1050059251C /* Utils.swift */ = {isa = PBXFileReference; lastKnownFileType = sourcecode.swift; path = Utils.swift; sourceTree = "<group>"; };
		827A999726DFE8080059251C /* AddKeysPanel.swift */ = {isa = PBXFileReference; lastKnownFileType = sourcecode.swift; path = AddKeysPanel.swift; sourceTree = "<group>"; };
		827E769A26BCC4DF00024B33 /* FidoService.swift */ = {isa = PBXFileReference; lastKnownFileType = sourcecode.swift; path = FidoService.swift; sourceTree = "<group>"; };
		829DFF8026CDA0E900F796AF /* KeyManagementScreen.swift */ = {isa = PBXFileReference; lastKnownFileType = sourcecode.swift; path = KeyManagementScreen.swift; sourceTree = "<group>"; };
		82A121FF26CF753300E81AAD /* KeyDetailScreen.swift */ = {isa = PBXFileReference; lastKnownFileType = sourcecode.swift; path = KeyDetailScreen.swift; sourceTree = "<group>"; };
		82B6D83126C43E4500F2365F /* APIEndpointManager.swift */ = {isa = PBXFileReference; lastKnownFileType = sourcecode.swift; path = APIEndpointManager.swift; sourceTree = "<group>"; };
		82BA2FAD271F7012007618D3 /* Settings.bundle */ = {isa = PBXFileReference; lastKnownFileType = "wrapper.plug-in"; path = Settings.bundle; sourceTree = "<group>"; };
		82BA2FAF271F72D3007618D3 /* SettingsHelper.swift */ = {isa = PBXFileReference; lastKnownFileType = sourcecode.swift; path = SettingsHelper.swift; sourceTree = "<group>"; };
		82D394F826CB2BC9005EF280 /* ResponseModel.swift */ = {isa = PBXFileReference; lastKnownFileType = sourcecode.swift; path = ResponseModel.swift; sourceTree = "<group>"; };
		82D9B8C426E1912D0026386C /* README.md */ = {isa = PBXFileReference; lastKnownFileType = net.daringfireball.markdown; path = README.md; sourceTree = "<group>"; };
		82D9B8C526E195950026386C /* en */ = {isa = PBXFileReference; lastKnownFileType = text.plist.strings; name = en; path = en.lproj/Localizable.strings; sourceTree = "<group>"; };
		82DF1E942703D1DC007A79AD /* NetworkStatusView.swift */ = {isa = PBXFileReference; lastKnownFileType = sourcecode.swift; path = NetworkStatusView.swift; sourceTree = "<group>"; };
/* End PBXFileReference section */

/* Begin PBXFrameworksBuildPhase section */
		822FD9F326BB1F16007ED421 /* Frameworks */ = {
			isa = PBXFrameworksBuildPhase;
			buildActionMask = 2147483647;
			files = (
			);
			runOnlyForDeploymentPostprocessing = 0;
		};
		822FD9F926BB1F16007ED421 /* Frameworks */ = {
			isa = PBXFrameworksBuildPhase;
			buildActionMask = 2147483647;
			files = (
			);
			runOnlyForDeploymentPostprocessing = 0;
		};
		822FD9FE26BB1F16007ED421 /* Frameworks */ = {
			isa = PBXFrameworksBuildPhase;
			buildActionMask = 2147483647;
			files = (
			);
			runOnlyForDeploymentPostprocessing = 0;
		};
		822FDA0826BB1F16007ED421 /* Frameworks */ = {
			isa = PBXFrameworksBuildPhase;
			buildActionMask = 2147483647;
			files = (
			);
			runOnlyForDeploymentPostprocessing = 0;
		};
/* End PBXFrameworksBuildPhase section */

/* Begin PBXGroup section */
		820D4DE926E182C100773E1F /* LICENCE */ = {
			isa = PBXGroup;
			children = (
				820D4DEA26E182FE00773E1F /* LICENSE.txt */,
			);
			path = LICENCE;
			sourceTree = "<group>";
		};
		820D4DED26E18D6800773E1F /* Screens */ = {
			isa = PBXGroup;
			children = (
				822FD9F026BB1F15007ED421 /* LoginRegisterScreen.swift */,
				829DFF8026CDA0E900F796AF /* KeyManagementScreen.swift */,
				827A999726DFE8080059251C /* AddKeysPanel.swift */,
				82A121FF26CF753300E81AAD /* KeyDetailScreen.swift */,
			);
			path = Screens;
			sourceTree = "<group>";
		};
		820D4DEE26E18DCA00773E1F /* ViewModels */ = {
			isa = PBXGroup;
			children = (
				8208DFD426C711C300954951 /* AccountManager.swift */,
				8218686726FE5FD20036F5CF /* NetworkMonitor.swift */,
			);
			path = ViewModels;
			sourceTree = "<group>";
		};
		822FD9E926BB1F15007ED421 = {
			isa = PBXGroup;
			children = (
				82BA2FAD271F7012007618D3 /* Settings.bundle */,
				827AAB6E270B736400B3439A /* Localization */,
				8208DFD726C72B6E00954951 /* StrongKeyFIDODemo(macOS).entitlements */,
				8208DFD026C70AAA00954951 /* StrongKeyFIDODemo(iOS).entitlements */,
				822FD9EE26BB1F15007ED421 /* Shared */,
				822FDA0426BB1F16007ED421 /* Tests iOS */,
				822FDA0E26BB1F16007ED421 /* Tests macOS */,
				820D4DE926E182C100773E1F /* LICENCE */,
				82D9B8C426E1912D0026386C /* README.md */,
				822FD9F726BB1F16007ED421 /* Products */,
			);
			sourceTree = "<group>";
		};
		822FD9EE26BB1F15007ED421 /* Shared */ = {
			isa = PBXGroup;
			children = (
				822FD9EF26BB1F15007ED421 /* StrongKeyFIDODemo.swift */,
				827E769926BCC4B200024B33 /* FIDOService */,
				82B6D83426C5B03B00F2365F /* Models */,
				822FDA2526BB2EC2007ED421 /* Views */,
				820D4DEE26E18DCA00773E1F /* ViewModels */,
				820D4DED26E18D6800773E1F /* Screens */,
				827A999326DFE0D40059251C /* Utilities */,
				822FD9F126BB1F16007ED421 /* Assets.xcassets */,
			);
			path = Shared;
			sourceTree = "<group>";
		};
		822FD9F726BB1F16007ED421 /* Products */ = {
			isa = PBXGroup;
			children = (
				822FD9F626BB1F16007ED421 /* StrongKeyFIDODemo.app */,
				822FD9FC26BB1F16007ED421 /* StrongKeyFIDODemo.app */,
				822FDA0126BB1F16007ED421 /* Tests iOS.xctest */,
				822FDA0B26BB1F16007ED421 /* Tests macOS.xctest */,
			);
			name = Products;
			sourceTree = "<group>";
		};
		822FDA0426BB1F16007ED421 /* Tests iOS */ = {
			isa = PBXGroup;
			children = (
				822FDA0526BB1F16007ED421 /* Tests_iOS.swift */,
			);
			path = "Tests iOS";
			sourceTree = "<group>";
		};
		822FDA0E26BB1F16007ED421 /* Tests macOS */ = {
			isa = PBXGroup;
			children = (
				822FDA0F26BB1F16007ED421 /* Tests_macOS.swift */,
			);
			path = "Tests macOS";
			sourceTree = "<group>";
		};
		822FDA2526BB2EC2007ED421 /* Views */ = {
			isa = PBXGroup;
			children = (
				8270597426CD9BB9009B38AA /* StrongButton.swift */,
				8218686A26FE778B0036F5CF /* TitleView.swift */,
				82DF1E942703D1DC007A79AD /* NetworkStatusView.swift */,
			);
			path = Views;
			sourceTree = "<group>";
		};
		827A999326DFE0D40059251C /* Utilities */ = {
			isa = PBXGroup;
			children = (
				827A999426DFE1050059251C /* Utils.swift */,
				82BA2FAF271F72D3007618D3 /* SettingsHelper.swift */,
			);
			path = Utilities;
			sourceTree = "<group>";
		};
		827AAB6E270B736400B3439A /* Localization */ = {
			isa = PBXGroup;
			children = (
				8278553E26DD811E00F5A9DF /* Localizable.strings */,
			);
			path = Localization;
			sourceTree = "<group>";
		};
		827E769926BCC4B200024B33 /* FIDOService */ = {
			isa = PBXGroup;
			children = (
				827E769A26BCC4DF00024B33 /* FidoService.swift */,
				82B6D83126C43E4500F2365F /* APIEndpointManager.swift */,
			);
			path = FIDOService;
			sourceTree = "<group>";
		};
		82B6D83426C5B03B00F2365F /* Models */ = {
			isa = PBXGroup;
			children = (
				82D394F826CB2BC9005EF280 /* ResponseModel.swift */,
				821FD60B2721E6A600C39F6C /* ErrorHandlingModel.swift */,
			);
			path = Models;
			sourceTree = "<group>";
		};
/* End PBXGroup section */

/* Begin PBXNativeTarget section */
		822FD9F526BB1F16007ED421 /* StrongKeyFIDODemo (iOS) */ = {
			isa = PBXNativeTarget;
			buildConfigurationList = 822FDA1926BB1F17007ED421 /* Build configuration list for PBXNativeTarget "StrongKeyFIDODemo (iOS)" */;
			buildPhases = (
				822FD9F226BB1F16007ED421 /* Sources */,
				822FD9F326BB1F16007ED421 /* Frameworks */,
				822FD9F426BB1F16007ED421 /* Resources */,
			);
			buildRules = (
			);
			dependencies = (
			);
			name = "StrongKeyFIDODemo (iOS)";
			productName = "Strong Key FIDO2 Demo iOS (iOS)";
			productReference = 822FD9F626BB1F16007ED421 /* StrongKeyFIDODemo.app */;
			productType = "com.apple.product-type.application";
		};
		822FD9FB26BB1F16007ED421 /* StrongKeyFIDODemo (macOS) */ = {
			isa = PBXNativeTarget;
			buildConfigurationList = 822FDA1C26BB1F17007ED421 /* Build configuration list for PBXNativeTarget "StrongKeyFIDODemo (macOS)" */;
			buildPhases = (
				822FD9F826BB1F16007ED421 /* Sources */,
				822FD9F926BB1F16007ED421 /* Frameworks */,
				822FD9FA26BB1F16007ED421 /* Resources */,
			);
			buildRules = (
			);
			dependencies = (
			);
			name = "StrongKeyFIDODemo (macOS)";
			productName = "Strong Key FIDO2 Demo iOS (macOS)";
			productReference = 822FD9FC26BB1F16007ED421 /* StrongKeyFIDODemo.app */;
			productType = "com.apple.product-type.application";
		};
		822FDA0026BB1F16007ED421 /* Tests iOS */ = {
			isa = PBXNativeTarget;
			buildConfigurationList = 822FDA1F26BB1F17007ED421 /* Build configuration list for PBXNativeTarget "Tests iOS" */;
			buildPhases = (
				822FD9FD26BB1F16007ED421 /* Sources */,
				822FD9FE26BB1F16007ED421 /* Frameworks */,
				822FD9FF26BB1F16007ED421 /* Resources */,
			);
			buildRules = (
			);
			dependencies = (
				822FDA0326BB1F16007ED421 /* PBXTargetDependency */,
			);
			name = "Tests iOS";
			productName = "Tests iOS";
			productReference = 822FDA0126BB1F16007ED421 /* Tests iOS.xctest */;
			productType = "com.apple.product-type.bundle.ui-testing";
		};
		822FDA0A26BB1F16007ED421 /* Tests macOS */ = {
			isa = PBXNativeTarget;
			buildConfigurationList = 822FDA2226BB1F17007ED421 /* Build configuration list for PBXNativeTarget "Tests macOS" */;
			buildPhases = (
				822FDA0726BB1F16007ED421 /* Sources */,
				822FDA0826BB1F16007ED421 /* Frameworks */,
				822FDA0926BB1F16007ED421 /* Resources */,
			);
			buildRules = (
			);
			dependencies = (
				822FDA0D26BB1F16007ED421 /* PBXTargetDependency */,
			);
			name = "Tests macOS";
			productName = "Tests macOS";
			productReference = 822FDA0B26BB1F16007ED421 /* Tests macOS.xctest */;
			productType = "com.apple.product-type.bundle.ui-testing";
		};
/* End PBXNativeTarget section */

/* Begin PBXProject section */
		822FD9EA26BB1F15007ED421 /* Project object */ = {
			isa = PBXProject;
			attributes = {
				BuildIndependentTargetsInParallel = 1;
				LastSwiftUpdateCheck = 1300;
				LastUpgradeCheck = 1400;
				TargetAttributes = {
					822FD9F526BB1F16007ED421 = {
						CreatedOnToolsVersion = 13.0;
					};
					822FD9FB26BB1F16007ED421 = {
						CreatedOnToolsVersion = 13.0;
					};
					822FDA0026BB1F16007ED421 = {
						CreatedOnToolsVersion = 13.0;
						TestTargetID = 822FD9F526BB1F16007ED421;
					};
					822FDA0A26BB1F16007ED421 = {
						CreatedOnToolsVersion = 13.0;
						TestTargetID = 822FD9FB26BB1F16007ED421;
					};
				};
			};
			buildConfigurationList = 822FD9ED26BB1F15007ED421 /* Build configuration list for PBXProject "StrongKeyFIDODemo" */;
			compatibilityVersion = "Xcode 13.0";
			developmentRegion = en;
			hasScannedForEncodings = 0;
			knownRegions = (
				en,
				fr,
				es,
				ja,
				it,
				Base,
				de,
			);
			mainGroup = 822FD9E926BB1F15007ED421;
			productRefGroup = 822FD9F726BB1F16007ED421 /* Products */;
			projectDirPath = "";
			projectRoot = "";
			targets = (
				822FD9F526BB1F16007ED421 /* StrongKeyFIDODemo (iOS) */,
				822FD9FB26BB1F16007ED421 /* StrongKeyFIDODemo (macOS) */,
				822FDA0026BB1F16007ED421 /* Tests iOS */,
				822FDA0A26BB1F16007ED421 /* Tests macOS */,
			);
		};
/* End PBXProject section */

/* Begin PBXResourcesBuildPhase section */
		822FD9F426BB1F16007ED421 /* Resources */ = {
			isa = PBXResourcesBuildPhase;
			buildActionMask = 2147483647;
			files = (
				822FDA1526BB1F17007ED421 /* Assets.xcassets in Resources */,
				82BA2FAE271F7012007618D3 /* Settings.bundle in Resources */,
				8278554026DD811E00F5A9DF /* Localizable.strings in Resources */,
			);
			runOnlyForDeploymentPostprocessing = 0;
		};
		822FD9FA26BB1F16007ED421 /* Resources */ = {
			isa = PBXResourcesBuildPhase;
			buildActionMask = 2147483647;
			files = (
				822FDA1626BB1F17007ED421 /* Assets.xcassets in Resources */,
				8278554126DD811E00F5A9DF /* Localizable.strings in Resources */,
			);
			runOnlyForDeploymentPostprocessing = 0;
		};
		822FD9FF26BB1F16007ED421 /* Resources */ = {
			isa = PBXResourcesBuildPhase;
			buildActionMask = 2147483647;
			files = (
			);
			runOnlyForDeploymentPostprocessing = 0;
		};
		822FDA0926BB1F16007ED421 /* Resources */ = {
			isa = PBXResourcesBuildPhase;
			buildActionMask = 2147483647;
			files = (
			);
			runOnlyForDeploymentPostprocessing = 0;
		};
/* End PBXResourcesBuildPhase section */

/* Begin PBXSourcesBuildPhase section */
		822FD9F226BB1F16007ED421 /* Sources */ = {
			isa = PBXSourcesBuildPhase;
			buildActionMask = 2147483647;
			files = (
				82A1220026CF753300E81AAD /* KeyDetailScreen.swift in Sources */,
				82BA2FB0271F72D3007618D3 /* SettingsHelper.swift in Sources */,
				82B6D83226C43E4600F2365F /* APIEndpointManager.swift in Sources */,
				821FD60C2721E6A600C39F6C /* ErrorHandlingModel.swift in Sources */,
				8218686826FE5FD20036F5CF /* NetworkMonitor.swift in Sources */,
				822FDA1326BB1F17007ED421 /* LoginRegisterScreen.swift in Sources */,
				827A999826DFE8080059251C /* AddKeysPanel.swift in Sources */,
				82DF1E952703D1DC007A79AD /* NetworkStatusView.swift in Sources */,
				827E769B26BCC4DF00024B33 /* FidoService.swift in Sources */,
				822FDA1126BB1F17007ED421 /* StrongKeyFIDODemo.swift in Sources */,
				829DFF8126CDA0E900F796AF /* KeyManagementScreen.swift in Sources */,
				82D394F926CB2BC9005EF280 /* ResponseModel.swift in Sources */,
				827A999526DFE1050059251C /* Utils.swift in Sources */,
				8270597526CD9BB9009B38AA /* StrongButton.swift in Sources */,
				8218686B26FE778B0036F5CF /* TitleView.swift in Sources */,
				8208DFD526C711C300954951 /* AccountManager.swift in Sources */,
			);
			runOnlyForDeploymentPostprocessing = 0;
		};
		822FD9F826BB1F16007ED421 /* Sources */ = {
			isa = PBXSourcesBuildPhase;
			buildActionMask = 2147483647;
			files = (
				82A1220126CF753300E81AAD /* KeyDetailScreen.swift in Sources */,
				8208DFD626C711C300954951 /* AccountManager.swift in Sources */,
				8218686926FE5FD20036F5CF /* NetworkMonitor.swift in Sources */,
				821FD60D2721E6A600C39F6C /* ErrorHandlingModel.swift in Sources */,
				82B6D83326C43E4600F2365F /* APIEndpointManager.swift in Sources */,
				827A999926DFE8080059251C /* AddKeysPanel.swift in Sources */,
				82DF1E962703D1DC007A79AD /* NetworkStatusView.swift in Sources */,
				82A121FE26CF244C00E81AAD /* FidoService.swift in Sources */,
				8270597626CD9BB9009B38AA /* StrongButton.swift in Sources */,
				829DFF8226CDA0E900F796AF /* KeyManagementScreen.swift in Sources */,
				822FDA1426BB1F17007ED421 /* LoginRegisterScreen.swift in Sources */,
				827A999626DFE1060059251C /* Utils.swift in Sources */,
				82D394FA26CB2BC9005EF280 /* ResponseModel.swift in Sources */,
				8218686C26FE778B0036F5CF /* TitleView.swift in Sources */,
				822FDA1226BB1F17007ED421 /* StrongKeyFIDODemo.swift in Sources */,
			);
			runOnlyForDeploymentPostprocessing = 0;
		};
		822FD9FD26BB1F16007ED421 /* Sources */ = {
			isa = PBXSourcesBuildPhase;
			buildActionMask = 2147483647;
			files = (
				822FDA0626BB1F16007ED421 /* Tests_iOS.swift in Sources */,
			);
			runOnlyForDeploymentPostprocessing = 0;
		};
		822FDA0726BB1F16007ED421 /* Sources */ = {
			isa = PBXSourcesBuildPhase;
			buildActionMask = 2147483647;
			files = (
				822FDA1026BB1F16007ED421 /* Tests_macOS.swift in Sources */,
			);
			runOnlyForDeploymentPostprocessing = 0;
		};
/* End PBXSourcesBuildPhase section */

/* Begin PBXTargetDependency section */
		822FDA0326BB1F16007ED421 /* PBXTargetDependency */ = {
			isa = PBXTargetDependency;
			target = 822FD9F526BB1F16007ED421 /* StrongKeyFIDODemo (iOS) */;
			targetProxy = 822FDA0226BB1F16007ED421 /* PBXContainerItemProxy */;
		};
		822FDA0D26BB1F16007ED421 /* PBXTargetDependency */ = {
			isa = PBXTargetDependency;
			target = 822FD9FB26BB1F16007ED421 /* StrongKeyFIDODemo (macOS) */;
			targetProxy = 822FDA0C26BB1F16007ED421 /* PBXContainerItemProxy */;
		};
/* End PBXTargetDependency section */

/* Begin PBXVariantGroup section */
		8278553E26DD811E00F5A9DF /* Localizable.strings */ = {
			isa = PBXVariantGroup;
			children = (
				8278554A26DDB6D900F5A9DF /* de */,
				8278554B26DDB7AD00F5A9DF /* es */,
				8278554C26DDB91100F5A9DF /* fr */,
				8278554D26DDB9BC00F5A9DF /* it */,
				8278554E26DDBA6B00F5A9DF /* ja */,
				82D9B8C526E195950026386C /* en */,
			);
			name = Localizable.strings;
			sourceTree = "<group>";
		};
/* End PBXVariantGroup section */

/* Begin XCBuildConfiguration section */
		822FDA1726BB1F17007ED421 /* Debug */ = {
			isa = XCBuildConfiguration;
			buildSettings = {
				ALWAYS_SEARCH_USER_PATHS = NO;
				CLANG_ANALYZER_LOCALIZABILITY_NONLOCALIZED = YES;
				CLANG_ANALYZER_NONNULL = YES;
				CLANG_ANALYZER_NUMBER_OBJECT_CONVERSION = YES_AGGRESSIVE;
				CLANG_CXX_LANGUAGE_STANDARD = "gnu++17";
				CLANG_CXX_LIBRARY = "libc++";
				CLANG_ENABLE_MODULES = YES;
				CLANG_ENABLE_OBJC_ARC = YES;
				CLANG_ENABLE_OBJC_WEAK = YES;
				CLANG_WARN_BLOCK_CAPTURE_AUTORELEASING = YES;
				CLANG_WARN_BOOL_CONVERSION = YES;
				CLANG_WARN_COMMA = YES;
				CLANG_WARN_CONSTANT_CONVERSION = YES;
				CLANG_WARN_DEPRECATED_OBJC_IMPLEMENTATIONS = YES;
				CLANG_WARN_DIRECT_OBJC_ISA_USAGE = YES_ERROR;
				CLANG_WARN_DOCUMENTATION_COMMENTS = YES;
				CLANG_WARN_EMPTY_BODY = YES;
				CLANG_WARN_ENUM_CONVERSION = YES;
				CLANG_WARN_INFINITE_RECURSION = YES;
				CLANG_WARN_INT_CONVERSION = YES;
				CLANG_WARN_NON_LITERAL_NULL_CONVERSION = YES;
				CLANG_WARN_OBJC_IMPLICIT_RETAIN_SELF = YES;
				CLANG_WARN_OBJC_LITERAL_CONVERSION = YES;
				CLANG_WARN_OBJC_ROOT_CLASS = YES_ERROR;
				CLANG_WARN_QUOTED_INCLUDE_IN_FRAMEWORK_HEADER = YES;
				CLANG_WARN_RANGE_LOOP_ANALYSIS = YES;
				CLANG_WARN_STRICT_PROTOTYPES = YES;
				CLANG_WARN_SUSPICIOUS_MOVE = YES;
				CLANG_WARN_UNGUARDED_AVAILABILITY = YES_AGGRESSIVE;
				CLANG_WARN_UNREACHABLE_CODE = YES;
				CLANG_WARN__DUPLICATE_METHOD_MATCH = YES;
				COPY_PHASE_STRIP = NO;
				DEAD_CODE_STRIPPING = YES;
				DEBUG_INFORMATION_FORMAT = dwarf;
				ENABLE_STRICT_OBJC_MSGSEND = YES;
				ENABLE_TESTABILITY = YES;
				GCC_C_LANGUAGE_STANDARD = gnu11;
				GCC_DYNAMIC_NO_PIC = NO;
				GCC_NO_COMMON_BLOCKS = YES;
				GCC_OPTIMIZATION_LEVEL = 0;
				GCC_PREPROCESSOR_DEFINITIONS = (
					"DEBUG=1",
					"$(inherited)",
				);
				GCC_WARN_64_TO_32_BIT_CONVERSION = YES;
				GCC_WARN_ABOUT_RETURN_TYPE = YES_ERROR;
				GCC_WARN_UNDECLARED_SELECTOR = YES;
				GCC_WARN_UNINITIALIZED_AUTOS = YES_AGGRESSIVE;
				GCC_WARN_UNUSED_FUNCTION = YES;
				GCC_WARN_UNUSED_VARIABLE = YES;
				IPHONEOS_DEPLOYMENT_TARGET = 15.0;
				MACOSX_DEPLOYMENT_TARGET = 12.0;
				MTL_ENABLE_DEBUG_INFO = INCLUDE_SOURCE;
				MTL_FAST_MATH = YES;
				ONLY_ACTIVE_ARCH = YES;
				SWIFT_ACTIVE_COMPILATION_CONDITIONS = DEBUG;
				SWIFT_OPTIMIZATION_LEVEL = "-Onone";
			};
			name = Debug;
		};
		822FDA1826BB1F17007ED421 /* Release */ = {
			isa = XCBuildConfiguration;
			buildSettings = {
				ALWAYS_SEARCH_USER_PATHS = NO;
				CLANG_ANALYZER_LOCALIZABILITY_NONLOCALIZED = YES;
				CLANG_ANALYZER_NONNULL = YES;
				CLANG_ANALYZER_NUMBER_OBJECT_CONVERSION = YES_AGGRESSIVE;
				CLANG_CXX_LANGUAGE_STANDARD = "gnu++17";
				CLANG_CXX_LIBRARY = "libc++";
				CLANG_ENABLE_MODULES = YES;
				CLANG_ENABLE_OBJC_ARC = YES;
				CLANG_ENABLE_OBJC_WEAK = YES;
				CLANG_WARN_BLOCK_CAPTURE_AUTORELEASING = YES;
				CLANG_WARN_BOOL_CONVERSION = YES;
				CLANG_WARN_COMMA = YES;
				CLANG_WARN_CONSTANT_CONVERSION = YES;
				CLANG_WARN_DEPRECATED_OBJC_IMPLEMENTATIONS = YES;
				CLANG_WARN_DIRECT_OBJC_ISA_USAGE = YES_ERROR;
				CLANG_WARN_DOCUMENTATION_COMMENTS = YES;
				CLANG_WARN_EMPTY_BODY = YES;
				CLANG_WARN_ENUM_CONVERSION = YES;
				CLANG_WARN_INFINITE_RECURSION = YES;
				CLANG_WARN_INT_CONVERSION = YES;
				CLANG_WARN_NON_LITERAL_NULL_CONVERSION = YES;
				CLANG_WARN_OBJC_IMPLICIT_RETAIN_SELF = YES;
				CLANG_WARN_OBJC_LITERAL_CONVERSION = YES;
				CLANG_WARN_OBJC_ROOT_CLASS = YES_ERROR;
				CLANG_WARN_QUOTED_INCLUDE_IN_FRAMEWORK_HEADER = YES;
				CLANG_WARN_RANGE_LOOP_ANALYSIS = YES;
				CLANG_WARN_STRICT_PROTOTYPES = YES;
				CLANG_WARN_SUSPICIOUS_MOVE = YES;
				CLANG_WARN_UNGUARDED_AVAILABILITY = YES_AGGRESSIVE;
				CLANG_WARN_UNREACHABLE_CODE = YES;
				CLANG_WARN__DUPLICATE_METHOD_MATCH = YES;
				COPY_PHASE_STRIP = NO;
				DEAD_CODE_STRIPPING = YES;
				DEBUG_INFORMATION_FORMAT = "dwarf-with-dsym";
				ENABLE_NS_ASSERTIONS = NO;
				ENABLE_STRICT_OBJC_MSGSEND = YES;
				GCC_C_LANGUAGE_STANDARD = gnu11;
				GCC_NO_COMMON_BLOCKS = YES;
				GCC_WARN_64_TO_32_BIT_CONVERSION = YES;
				GCC_WARN_ABOUT_RETURN_TYPE = YES_ERROR;
				GCC_WARN_UNDECLARED_SELECTOR = YES;
				GCC_WARN_UNINITIALIZED_AUTOS = YES_AGGRESSIVE;
				GCC_WARN_UNUSED_FUNCTION = YES;
				GCC_WARN_UNUSED_VARIABLE = YES;
				IPHONEOS_DEPLOYMENT_TARGET = 15.0;
				MACOSX_DEPLOYMENT_TARGET = 12.0;
				MTL_ENABLE_DEBUG_INFO = NO;
				MTL_FAST_MATH = YES;
				SWIFT_COMPILATION_MODE = wholemodule;
				SWIFT_OPTIMIZATION_LEVEL = "-O";
			};
			name = Release;
		};
		822FDA1A26BB1F17007ED421 /* Debug */ = {
			isa = XCBuildConfiguration;
			buildSettings = {
				ASSETCATALOG_COMPILER_APPICON_NAME = AppIcon;
				ASSETCATALOG_COMPILER_GLOBAL_ACCENT_COLOR_NAME = AccentColor;
				CODE_SIGN_ENTITLEMENTS = "StrongKeyFIDODemo(iOS).entitlements";
				CODE_SIGN_IDENTITY = "Apple Development";
				"CODE_SIGN_IDENTITY[sdk=macosx*]" = "Apple Development";
				CODE_SIGN_STYLE = Automatic;
				CURRENT_PROJECT_VERSION = 5;
				DEVELOPMENT_TEAM = MPJD5QMH38;
				ENABLE_PREVIEWS = YES;
				GENERATE_INFOPLIST_FILE = YES;
				INFOPLIST_FILE = "StrongKeyFIDODemo--Info.plist";
				INFOPLIST_KEY_CFBundleDisplayName = "StrongKey FIDO Demo";
				INFOPLIST_KEY_LSApplicationCategoryType = "public.app-category.developer-tools";
				INFOPLIST_KEY_UIApplicationSceneManifest_Generation = YES;
				INFOPLIST_KEY_UIApplicationSupportsIndirectInputEvents = YES;
				INFOPLIST_KEY_UILaunchScreen_Generation = YES;
				INFOPLIST_KEY_UISupportedInterfaceOrientations = UIInterfaceOrientationPortrait;
				INFOPLIST_KEY_UISupportedInterfaceOrientations_iPad = "UIInterfaceOrientationPortrait UIInterfaceOrientationPortraitUpsideDown UIInterfaceOrientationLandscapeLeft UIInterfaceOrientationLandscapeRight";
				INFOPLIST_KEY_UISupportedInterfaceOrientations_iPhone = "UIInterfaceOrientationPortrait UIInterfaceOrientationLandscapeLeft UIInterfaceOrientationLandscapeRight";
				IPHONEOS_DEPLOYMENT_TARGET = 15.0;
				LD_RUNPATH_SEARCH_PATHS = (
					"$(inherited)",
					"@executable_path/Frameworks",
				);
				MARKETING_VERSION = 0.97;
				PRODUCT_BUNDLE_IDENTIFIER = "com.strongkey.Strong-Key-FIDO2-Demo-iOS-2";
				PRODUCT_NAME = StrongKeyFIDODemo;
				PROVISIONING_PROFILE_SPECIFIER = "";
				"PROVISIONING_PROFILE_SPECIFIER[sdk=macosx*]" = "";
				SDKROOT = iphoneos;
				SUPPORTS_MACCATALYST = YES;
				SUPPORTS_MAC_DESIGNED_FOR_IPHONE_IPAD = YES;
				SWIFT_EMIT_LOC_STRINGS = YES;
				SWIFT_VERSION = 5.0;
				TARGETED_DEVICE_FAMILY = "1,2";
			};
			name = Debug;
		};
		822FDA1B26BB1F17007ED421 /* Release */ = {
			isa = XCBuildConfiguration;
			buildSettings = {
				ASSETCATALOG_COMPILER_APPICON_NAME = AppIcon;
				ASSETCATALOG_COMPILER_GLOBAL_ACCENT_COLOR_NAME = AccentColor;
				CODE_SIGN_ENTITLEMENTS = "StrongKeyFIDODemo (iOS)Release.entitlements";
				CODE_SIGN_IDENTITY = "Apple Development";
				"CODE_SIGN_IDENTITY[sdk=macosx*]" = "Apple Development";
				CODE_SIGN_STYLE = Automatic;
				CURRENT_PROJECT_VERSION = 5;
				DEVELOPMENT_TEAM = MPJD5QMH38;
				ENABLE_PREVIEWS = YES;
				GENERATE_INFOPLIST_FILE = YES;
				INFOPLIST_FILE = "StrongKeyFIDODemo--Info.plist";
				INFOPLIST_KEY_CFBundleDisplayName = "StrongKey FIDO Demo";
				INFOPLIST_KEY_LSApplicationCategoryType = "public.app-category.developer-tools";
				INFOPLIST_KEY_UIApplicationSceneManifest_Generation = YES;
				INFOPLIST_KEY_UIApplicationSupportsIndirectInputEvents = YES;
				INFOPLIST_KEY_UILaunchScreen_Generation = YES;
				INFOPLIST_KEY_UISupportedInterfaceOrientations = UIInterfaceOrientationPortrait;
				INFOPLIST_KEY_UISupportedInterfaceOrientations_iPad = "UIInterfaceOrientationPortrait UIInterfaceOrientationPortraitUpsideDown UIInterfaceOrientationLandscapeLeft UIInterfaceOrientationLandscapeRight";
				INFOPLIST_KEY_UISupportedInterfaceOrientations_iPhone = "UIInterfaceOrientationPortrait UIInterfaceOrientationLandscapeLeft UIInterfaceOrientationLandscapeRight";
				IPHONEOS_DEPLOYMENT_TARGET = 15.0;
				LD_RUNPATH_SEARCH_PATHS = (
					"$(inherited)",
					"@executable_path/Frameworks",
				);
				MARKETING_VERSION = 0.97;
				PRODUCT_BUNDLE_IDENTIFIER = "com.strongkey.Strong-Key-FIDO2-Demo-iOS-2";
				PRODUCT_NAME = StrongKeyFIDODemo;
				PROVISIONING_PROFILE_SPECIFIER = "";
				"PROVISIONING_PROFILE_SPECIFIER[sdk=macosx*]" = "";
				SDKROOT = iphoneos;
				SUPPORTS_MACCATALYST = YES;
				SUPPORTS_MAC_DESIGNED_FOR_IPHONE_IPAD = YES;
				SWIFT_EMIT_LOC_STRINGS = YES;
				SWIFT_VERSION = 5.0;
				TARGETED_DEVICE_FAMILY = "1,2";
				VALIDATE_PRODUCT = YES;
			};
			name = Release;
		};
		822FDA1D26BB1F17007ED421 /* Debug */ = {
			isa = XCBuildConfiguration;
			buildSettings = {
				ASSETCATALOG_COMPILER_APPICON_NAME = AppIcon;
				ASSETCATALOG_COMPILER_GLOBAL_ACCENT_COLOR_NAME = AccentColor;
				CODE_SIGN_ENTITLEMENTS = "StrongKeyFIDODemo(macOS).entitlements";
				CODE_SIGN_IDENTITY = "Apple Development";
				CODE_SIGN_STYLE = Automatic;
				COMBINE_HIDPI_IMAGES = YES;
				CURRENT_PROJECT_VERSION = 1;
				DEAD_CODE_STRIPPING = YES;
				DEVELOPMENT_TEAM = MPJD5QMH38;
				ENABLE_APP_SANDBOX = YES;
				ENABLE_HARDENED_RUNTIME = YES;
				ENABLE_PREVIEWS = YES;
				ENABLE_USER_SELECTED_FILES = readonly;
				GENERATE_INFOPLIST_FILE = YES;
				INFOPLIST_KEY_NSHumanReadableCopyright = "";
				LD_RUNPATH_SEARCH_PATHS = (
					"$(inherited)",
					"@executable_path/../Frameworks",
				);
				MACOSX_DEPLOYMENT_TARGET = 12.0;
				MARKETING_VERSION = 1.0;
				PRODUCT_BUNDLE_IDENTIFIER = "com.strongkey.Strong-Key-FIDO2-Demo-iOS-2";
				PRODUCT_NAME = StrongKeyFIDODemo;
				SDKROOT = macosx;
				SWIFT_EMIT_LOC_STRINGS = NO;
				SWIFT_VERSION = 5.0;
			};
			name = Debug;
		};
		822FDA1E26BB1F17007ED421 /* Release */ = {
			isa = XCBuildConfiguration;
			buildSettings = {
				ASSETCATALOG_COMPILER_APPICON_NAME = AppIcon;
				ASSETCATALOG_COMPILER_GLOBAL_ACCENT_COLOR_NAME = AccentColor;
				CODE_SIGN_ENTITLEMENTS = "StrongKeyFIDODemo(macOS).entitlements";
				CODE_SIGN_IDENTITY = "Apple Development";
				CODE_SIGN_STYLE = Automatic;
				COMBINE_HIDPI_IMAGES = YES;
				CURRENT_PROJECT_VERSION = 1;
				DEAD_CODE_STRIPPING = YES;
				DEVELOPMENT_TEAM = MPJD5QMH38;
				ENABLE_APP_SANDBOX = YES;
				ENABLE_HARDENED_RUNTIME = YES;
				ENABLE_PREVIEWS = YES;
				ENABLE_USER_SELECTED_FILES = readonly;
				GENERATE_INFOPLIST_FILE = YES;
				INFOPLIST_KEY_NSHumanReadableCopyright = "";
				LD_RUNPATH_SEARCH_PATHS = (
					"$(inherited)",
					"@executable_path/../Frameworks",
				);
				MACOSX_DEPLOYMENT_TARGET = 12.0;
				MARKETING_VERSION = 1.0;
				PRODUCT_BUNDLE_IDENTIFIER = "com.strongkey.Strong-Key-FIDO2-Demo-iOS-2";
				PRODUCT_NAME = StrongKeyFIDODemo;
				SDKROOT = macosx;
				SWIFT_EMIT_LOC_STRINGS = NO;
				SWIFT_VERSION = 5.0;
			};
			name = Release;
		};
		822FDA2026BB1F17007ED421 /* Debug */ = {
			isa = XCBuildConfiguration;
			buildSettings = {
				ALWAYS_EMBED_SWIFT_STANDARD_LIBRARIES = YES;
				CODE_SIGN_STYLE = Automatic;
				CURRENT_PROJECT_VERSION = 1;
				DEVELOPMENT_TEAM = MPJD5QMH38;
				GENERATE_INFOPLIST_FILE = YES;
				IPHONEOS_DEPLOYMENT_TARGET = 15.0;
				LD_RUNPATH_SEARCH_PATHS = (
					"$(inherited)",
					"@executable_path/Frameworks",
					"@loader_path/Frameworks",
				);
				MARKETING_VERSION = 1.0;
				PRODUCT_BUNDLE_IDENTIFIER = "com.strongkey.Tests-iOS";
				PRODUCT_NAME = "$(TARGET_NAME)";
				SDKROOT = iphoneos;
				SWIFT_EMIT_LOC_STRINGS = NO;
				SWIFT_VERSION = 5.0;
				TARGETED_DEVICE_FAMILY = "1,2";
				TEST_TARGET_NAME = "Strong Key FIDO2 Demo iOS (iOS)";
			};
			name = Debug;
		};
		822FDA2126BB1F17007ED421 /* Release */ = {
			isa = XCBuildConfiguration;
			buildSettings = {
				ALWAYS_EMBED_SWIFT_STANDARD_LIBRARIES = YES;
				CODE_SIGN_STYLE = Automatic;
				CURRENT_PROJECT_VERSION = 1;
				DEVELOPMENT_TEAM = MPJD5QMH38;
				GENERATE_INFOPLIST_FILE = YES;
				IPHONEOS_DEPLOYMENT_TARGET = 15.0;
				LD_RUNPATH_SEARCH_PATHS = (
					"$(inherited)",
					"@executable_path/Frameworks",
					"@loader_path/Frameworks",
				);
				MARKETING_VERSION = 1.0;
				PRODUCT_BUNDLE_IDENTIFIER = "com.strongkey.Tests-iOS";
				PRODUCT_NAME = "$(TARGET_NAME)";
				SDKROOT = iphoneos;
				SWIFT_EMIT_LOC_STRINGS = NO;
				SWIFT_VERSION = 5.0;
				TARGETED_DEVICE_FAMILY = "1,2";
				TEST_TARGET_NAME = "Strong Key FIDO2 Demo iOS (iOS)";
				VALIDATE_PRODUCT = YES;
			};
			name = Release;
		};
		822FDA2326BB1F17007ED421 /* Debug */ = {
			isa = XCBuildConfiguration;
			buildSettings = {
				ALWAYS_EMBED_SWIFT_STANDARD_LIBRARIES = YES;
				CODE_SIGN_STYLE = Automatic;
				COMBINE_HIDPI_IMAGES = YES;
				CURRENT_PROJECT_VERSION = 1;
				DEAD_CODE_STRIPPING = YES;
				DEVELOPMENT_TEAM = MPJD5QMH38;
				GENERATE_INFOPLIST_FILE = YES;
				LD_RUNPATH_SEARCH_PATHS = (
					"$(inherited)",
					"@executable_path/../Frameworks",
					"@loader_path/../Frameworks",
				);
				MACOSX_DEPLOYMENT_TARGET = 11.5;
				MARKETING_VERSION = 1.0;
				PRODUCT_BUNDLE_IDENTIFIER = "com.strongkey.Tests-macOS";
				PRODUCT_NAME = "$(TARGET_NAME)";
				SDKROOT = macosx;
				SWIFT_EMIT_LOC_STRINGS = NO;
				SWIFT_VERSION = 5.0;
				TEST_TARGET_NAME = "Strong Key FIDO2 Demo iOS (macOS)";
			};
			name = Debug;
		};
		822FDA2426BB1F17007ED421 /* Release */ = {
			isa = XCBuildConfiguration;
			buildSettings = {
				ALWAYS_EMBED_SWIFT_STANDARD_LIBRARIES = YES;
				CODE_SIGN_STYLE = Automatic;
				COMBINE_HIDPI_IMAGES = YES;
				CURRENT_PROJECT_VERSION = 1;
				DEAD_CODE_STRIPPING = YES;
				DEVELOPMENT_TEAM = MPJD5QMH38;
				GENERATE_INFOPLIST_FILE = YES;
				LD_RUNPATH_SEARCH_PATHS = (
					"$(inherited)",
					"@executable_path/../Frameworks",
					"@loader_path/../Frameworks",
				);
				MACOSX_DEPLOYMENT_TARGET = 11.5;
				MARKETING_VERSION = 1.0;
				PRODUCT_BUNDLE_IDENTIFIER = "com.strongkey.Tests-macOS";
				PRODUCT_NAME = "$(TARGET_NAME)";
				SDKROOT = macosx;
				SWIFT_EMIT_LOC_STRINGS = NO;
				SWIFT_VERSION = 5.0;
				TEST_TARGET_NAME = "Strong Key FIDO2 Demo iOS (macOS)";
			};
			name = Release;
		};
/* End XCBuildConfiguration section */

/* Begin XCConfigurationList section */
		822FD9ED26BB1F15007ED421 /* Build configuration list for PBXProject "StrongKeyFIDODemo" */ = {
			isa = XCConfigurationList;
			buildConfigurations = (
				822FDA1726BB1F17007ED421 /* Debug */,
				822FDA1826BB1F17007ED421 /* Release */,
			);
			defaultConfigurationIsVisible = 0;
			defaultConfigurationName = Release;
		};
		822FDA1926BB1F17007ED421 /* Build configuration list for PBXNativeTarget "StrongKeyFIDODemo (iOS)" */ = {
			isa = XCConfigurationList;
			buildConfigurations = (
				822FDA1A26BB1F17007ED421 /* Debug */,
				822FDA1B26BB1F17007ED421 /* Release */,
			);
			defaultConfigurationIsVisible = 0;
			defaultConfigurationName = Release;
		};
		822FDA1C26BB1F17007ED421 /* Build configuration list for PBXNativeTarget "StrongKeyFIDODemo (macOS)" */ = {
			isa = XCConfigurationList;
			buildConfigurations = (
				822FDA1D26BB1F17007ED421 /* Debug */,
				822FDA1E26BB1F17007ED421 /* Release */,
			);
			defaultConfigurationIsVisible = 0;
			defaultConfigurationName = Release;
		};
		822FDA1F26BB1F17007ED421 /* Build configuration list for PBXNativeTarget "Tests iOS" */ = {
			isa = XCConfigurationList;
			buildConfigurations = (
				822FDA2026BB1F17007ED421 /* Debug */,
				822FDA2126BB1F17007ED421 /* Release */,
			);
			defaultConfigurationIsVisible = 0;
			defaultConfigurationName = Release;
		};
		822FDA2226BB1F17007ED421 /* Build configuration list for PBXNativeTarget "Tests macOS" */ = {
			isa = XCConfigurationList;
			buildConfigurations = (
				822FDA2326BB1F17007ED421 /* Debug */,
				822FDA2426BB1F17007ED421 /* Release */,
			);
			defaultConfigurationIsVisible = 0;
			defaultConfigurationName = Release;
		};
/* End XCConfigurationList section */
	};
	rootObject = 822FD9EA26BB1F15007ED421 /* Project object */;
}
